
Microsoft Visual Studio Solution File, Format Version 12.00
# Visual Studio Version 17
VisualStudioVersion = 17.4.33403.182
MinimumVisualStudioVersion = 10.0.40219.1
Project("{FAE04EC0-301F-11D3-BF4B-00C04F79EFBC}") = "BooksLibrary", "BooksLibrary\BooksLibrary.csproj", "{30CF0451-0E8C-47C7-80FA-6F9358A7847A}"
EndProject
Global
	GlobalSection(SolutionConfigurationPlatforms) = preSolution
		Debug|Any CPU = Debug|Any CPU
		Release|Any CPU = Release|Any CPU
	EndGlobalSection
	GlobalSection(ProjectConfigurationPlatforms) = postSolution
		{30CF0451-0E8C-47C7-80FA-6F9358A7847A}.Debug|Any CPU.ActiveCfg = Debug|Any CPU
		{30CF0451-0E8C-47C7-80FA-6F9358A7847A}.Debug|Any CPU.Build.0 = Debug|Any CPU
		{30CF0451-0E8C-47C7-80FA-6F9358A7847A}.Release|Any CPU.ActiveCfg = Release|Any CPU
		{30CF0451-0E8C-47C7-80FA-6F9358A7847A}.Release|Any CPU.Build.0 = Release|Any CPU
	EndGlobalSection
	GlobalSection(SolutionProperties) = preSolution
		HideSolutionNode = FALSE
	EndGlobalSection
	GlobalSection(ExtensibilityGlobals) = postSolution
		SolutionGuid = {B046ED5B-98A6-44A0-96C8-E0E7C7A2E6DE}
	EndGlobalSection
EndGlobal
